{
  "name": "poker-equity-extension",
  "version": "1.0.0",
  "lockfileVersion": 3,
  "requires": true,
  "packages": {
    "": {
      "name": "poker-equity-extension",
      "version": "1.0.0",
      "license": "ISC",
      "dependencies": {
        "poker-tools": "^1.3.10"
      }
    },
    "node_modules/lodash": {
      "version": "4.17.21",
      "resolved": "https://registry.npmjs.org/lodash/-/lodash-4.17.21.tgz",
      "integrity": "sha512-v2kDEe57lecTulaDIuNTPy3Ry4gLGJ6Z1O3vE1krgXZNrsQ+LFTGHVxVjcXPs17LhbZVGedAJv8XZ1tvj5FvSg==",
      "license": "MIT"
    },
    "node_modules/lodash.combinations": {
      "version": "18.11.1",
      "resolved": "https://registry.npmjs.org/lodash.combinations/-/lodash.combinations-18.11.1.tgz",
      "integrity": "sha512-0jtulyUQA1My13JuMR23MHqsMk8pQswcy+fO0jTKRp41bi+dDWflv/Ct4qRW6CcbLkk2Qi3PZyzx+tqgqSYLug==",
      "license": "MIT",
      "peerDependencies": {
        "@types/lodash": "^4",
        "lodash": "^4"
      },
      "peerDependenciesMeta": {
        "@types/lodash": {
          "optional": true
        }
      }
    },
    "node_modules/poker-tools": {
      "version": "1.3.10",
      "resolved": "https://registry.npmjs.org/poker-tools/-/poker-tools-1.3.10.tgz",
      "integrity": "sha512-b3tFwUwRRUek3IH40BcStjuVXZhm/1nJ/G+loiu3qBAwedt/ByhUg3mEpwq4kH6WE33o1YgnUwR016Y6AxwJYA==",
      "license": "MIT",
      "dependencies": {
        "lodash": "^4.17.5",
        "lodash.combinations": "^18.9.19"
      }
    }
  }
}
